
Microsoft Visual Studio Solution File, Format Version 12.00
# Visual Studio Version 16
VisualStudioVersion = 16.0.30225.117
MinimumVisualStudioVersion = 10.0.40219.1
Project("{FAE04EC0-301F-11D3-BF4B-00C04F79EFBC}") = "Ex_Ficacao_Listas", "Ex_Ficacao_Listas.csproj", "{673BB381-EAC1-4A06-BA07-E7B50249127E}"
EndProject
Global
	GlobalSection(SolutionConfigurationPlatforms) = preSolution
		Debug|Any CPU = Debug|Any CPU
		Release|Any CPU = Release|Any CPU
	EndGlobalSection
	GlobalSection(ProjectConfigurationPlatforms) = postSolution
		{673BB381-EAC1-4A06-BA07-E7B50249127E}.Debug|Any CPU.ActiveCfg = Debug|Any CPU
		{673BB381-EAC1-4A06-BA07-E7B50249127E}.Debug|Any CPU.Build.0 = Debug|Any CPU
		{673BB381-EAC1-4A06-BA07-E7B50249127E}.Release|Any CPU.ActiveCfg = Release|Any CPU
		{673BB381-EAC1-4A06-BA07-E7B50249127E}.Release|Any CPU.Build.0 = Release|Any CPU
	EndGlobalSection
	GlobalSection(SolutionProperties) = preSolution
		HideSolutionNode = FALSE
	EndGlobalSection
	GlobalSection(ExtensibilityGlobals) = postSolution
		SolutionGuid = {B98361E2-1B8C-42C7-8768-E162FDF87C34}
	EndGlobalSection
EndGlobal
