
Microsoft Visual Studio Solution File, Format Version 12.00
# Visual Studio Version 16
VisualStudioVersion = 16.0.30225.117
MinimumVisualStudioVersion = 10.0.40219.1
Project("{FAE04EC0-301F-11D3-BF4B-00C04F79EFBC}") = "Course", "Course.csproj", "{8C9222DF-0BA7-4A3C-BC6C-9EA57F72B70A}"
EndProject
Global
	GlobalSection(SolutionConfigurationPlatforms) = preSolution
		Debug|Any CPU = Debug|Any CPU
		Release|Any CPU = Release|Any CPU
	EndGlobalSection
	GlobalSection(ProjectConfigurationPlatforms) = postSolution
		{8C9222DF-0BA7-4A3C-BC6C-9EA57F72B70A}.Debug|Any CPU.ActiveCfg = Debug|Any CPU
		{8C9222DF-0BA7-4A3C-BC6C-9EA57F72B70A}.Debug|Any CPU.Build.0 = Debug|Any CPU
		{8C9222DF-0BA7-4A3C-BC6C-9EA57F72B70A}.Release|Any CPU.ActiveCfg = Release|Any CPU
		{8C9222DF-0BA7-4A3C-BC6C-9EA57F72B70A}.Release|Any CPU.Build.0 = Release|Any CPU
	EndGlobalSection
	GlobalSection(SolutionProperties) = preSolution
		HideSolutionNode = FALSE
	EndGlobalSection
	GlobalSection(ExtensibilityGlobals) = postSolution
		SolutionGuid = {1BB64270-42A0-4BC5-AA2B-3E0A8C0F2101}
	EndGlobalSection
EndGlobal
