
Microsoft Visual Studio Solution File, Format Version 12.00
# Visual Studio Version 16
VisualStudioVersion = 16.0.30225.117
MinimumVisualStudioVersion = 10.0.40219.1
Project("{FAE04EC0-301F-11D3-BF4B-00C04F79EFBC}") = "Course", "Course.csproj", "{00EF7645-6B3D-49A8-A784-32CEFA0DF805}"
EndProject
Global
	GlobalSection(SolutionConfigurationPlatforms) = preSolution
		Debug|Any CPU = Debug|Any CPU
		Release|Any CPU = Release|Any CPU
	EndGlobalSection
	GlobalSection(ProjectConfigurationPlatforms) = postSolution
		{00EF7645-6B3D-49A8-A784-32CEFA0DF805}.Debug|Any CPU.ActiveCfg = Debug|Any CPU
		{00EF7645-6B3D-49A8-A784-32CEFA0DF805}.Debug|Any CPU.Build.0 = Debug|Any CPU
		{00EF7645-6B3D-49A8-A784-32CEFA0DF805}.Release|Any CPU.ActiveCfg = Release|Any CPU
		{00EF7645-6B3D-49A8-A784-32CEFA0DF805}.Release|Any CPU.Build.0 = Release|Any CPU
	EndGlobalSection
	GlobalSection(SolutionProperties) = preSolution
		HideSolutionNode = FALSE
	EndGlobalSection
	GlobalSection(ExtensibilityGlobals) = postSolution
		SolutionGuid = {0DF5FAC3-EBF7-499A-A0C6-EA5D2CFD63EA}
	EndGlobalSection
EndGlobal
