
Microsoft Visual Studio Solution File, Format Version 12.00
# Visual Studio Version 16
VisualStudioVersion = 16.0.30225.117
MinimumVisualStudioVersion = 10.0.40219.1
Project("{FAE04EC0-301F-11D3-BF4B-00C04F79EFBC}") = "Course", "Course.csproj", "{1D65459A-B998-4AE3-93EF-8BEFFC999D0A}"
EndProject
Global
	GlobalSection(SolutionConfigurationPlatforms) = preSolution
		Debug|Any CPU = Debug|Any CPU
		Release|Any CPU = Release|Any CPU
	EndGlobalSection
	GlobalSection(ProjectConfigurationPlatforms) = postSolution
		{1D65459A-B998-4AE3-93EF-8BEFFC999D0A}.Debug|Any CPU.ActiveCfg = Debug|Any CPU
		{1D65459A-B998-4AE3-93EF-8BEFFC999D0A}.Debug|Any CPU.Build.0 = Debug|Any CPU
		{1D65459A-B998-4AE3-93EF-8BEFFC999D0A}.Release|Any CPU.ActiveCfg = Release|Any CPU
		{1D65459A-B998-4AE3-93EF-8BEFFC999D0A}.Release|Any CPU.Build.0 = Release|Any CPU
	EndGlobalSection
	GlobalSection(SolutionProperties) = preSolution
		HideSolutionNode = FALSE
	EndGlobalSection
	GlobalSection(ExtensibilityGlobals) = postSolution
		SolutionGuid = {813679EC-A0C0-4ED3-93A7-BF816FAF19F3}
	EndGlobalSection
EndGlobal
